<?xml version="1.0" encoding="UTF-8"?>
<Scheme
   LastUpgradeVersion = "0710"
   version = "1.8">
   <BuildAction
      parallelizeBuildables = "YES"
      buildImplicitDependencies = "YES">
      <BuildActionEntries>
         <BuildActionEntry
            buildForTesting = "YES"
            buildForRunning = "YES"
            buildForProfiling = "YES"
            buildForArchiving = "YES"
            buildForAnalyzing = "YES">
            <BuildableReference
               BuildableIdentifier = "primary"
               BlueprintIdentifier = "40BBA7C71CAE548900CD607F"
               BuildableName = "JHCYiChat.app"
               BlueprintName = "JHCYiChat"
               ReferencedContainer = "container:JHCYiChat.xcodeproj">
            </BuildableReference>
         </BuildActionEntry>
      </BuildActionEntries>
   </BuildAction>
   <TestAction
      selectedDebuggerIdentifier = "Xcode.DebuggerFoundation.Debugger.LLDB"
      selectedLauncherIdentifier = "Xcode.DebuggerFoundation.Launcher.LLDB"
      shouldUseLaunchSchemeArgsEnv = "YES"
      buildConfiguration = "Debug">
      <Testables>
         <TestableReference
            skipped = "NO">
            <BuildableReference
               BuildableIdentifier = "primary"
               BlueprintIdentifier = "40BBA7E81CAE548900CD607F"
               BuildableName = "JHCYiChatTests.xctest"
               BlueprintName = "JHCYiChatTests"
               ReferencedContainer = "container:JHCYiChat.xcodeproj">
            </BuildableReference>
         </TestableReference>
      </Testables>
      <MacroExpansion>
         <BuildableReference
            BuildableIdentifier = "primary"
            BlueprintIdentifier = "40BBA7C71CAE548900CD607F"
            BuildableName = "JHCYiChat.app"
            BlueprintName = "JHCYiChat"
            ReferencedContainer = "container:JHCYiChat.xcodeproj">
         </BuildableReference>
      </MacroExpansion>
      <AdditionalOptions>
      </AdditionalOptions>
   </TestAction>
   <LaunchAction
      selectedDebuggerIdentifier = "Xcode.DebuggerFoundation.Debugger.LLDB"
      selectedLauncherIdentifier = "Xcode.DebuggerFoundation.Launcher.LLDB"
      launchStyle = "0"
      useCustomWorkingDirectory = "NO"
      buildConfiguration = "Debug"
      ignoresPersistentStateOnLaunch = "NO"
      debugDocumentVersioning = "YES"
      debugServiceExtension = "internal"
      allowLocationSimulation = "YES">
      <BuildableProductRunnable
         runnableDebuggingMode = "0">
         <BuildableReference
            BuildableIdentifier = "primary"
            BlueprintIdentifier = "40BBA7C71CAE548900CD607F"
            BuildableName = "JHCYiChat.app"
            BlueprintName = "JHCYiChat"
            ReferencedContainer = "container:JHCYiChat.xcodeproj">
         </BuildableReference>
      </BuildableProductRunnable>
      <EnvironmentVariables>
         <EnvironmentVariable
            key = "CFZombieLevel"
            value = "16"
            isEnabled = "YES">
         </EnvironmentVariable>
         <EnvironmentVariable
            key = "NSAutoreleaseFreedObjectCheckEnabled"
            value = "YES"
            isEnabled = "YES">
         </EnvironmentVariable>
         <EnvironmentVariable
            key = "NSZombieEnable"
            value = "YES"
            isEnabled = "YES">
         </EnvironmentVariable>
         <EnvironmentVariable
            key = "MallocStackLogging"
            value = "YES"
            isEnabled = "YES">
         </EnvironmentVariable>
      </EnvironmentVariables>
      <AdditionalOptions>
      </AdditionalOptions>
   </LaunchAction>
   <ProfileAction
      shouldUseLaunchSchemeArgsEnv = "YES"
      savedToolIdentifier = ""
      useCustomWorkingDirectory = "NO"
      buildConfiguration = "Release"
      debugDocumentVersioning = "YES">
      <BuildableProductRunnable
         runnableDebuggingMode = "0">
         <BuildableReference
            BuildableIdentifier = "primary"
            BlueprintIdentifier = "40BBA7C71CAE548900CD607F"
            BuildableName = "JHCYiChat.app"
            BlueprintName = "JHCYiChat"
            ReferencedContainer = "container:JHCYiChat.xcodeproj">
         </BuildableReference>
      </BuildableProductRunnable>
   </ProfileAction>
   <AnalyzeAction
      buildConfiguration = "Debug">
   </AnalyzeAction>
   <ArchiveAction
      buildConfiguration = "Release"
      revealArchiveInOrganizer = "YES">
   </ArchiveAction>
</Scheme>
